
Microsoft Visual Studio Solution File, Format Version 12.00
# Visual Studio Version 17
VisualStudioVersion = 17.12.35527.113 d17.12
MinimumVisualStudioVersion = 10.0.40219.1
Project("{FAE04EC0-301F-11D3-BF4B-00C04F79EFBC}") = "MyAPI", "MyAPI.csproj", "{DB5D9823-6649-49D5-83E9-52D2FAAD9655}"
EndProject
Global
	GlobalSection(SolutionConfigurationPlatforms) = preSolution
		Debug|Any CPU = Debug|Any CPU
		Release|Any CPU = Release|Any CPU
	EndGlobalSection
	GlobalSection(ProjectConfigurationPlatforms) = postSolution
		{DB5D9823-6649-49D5-83E9-52D2FAAD9655}.Debug|Any CPU.ActiveCfg = Debug|Any CPU
		{DB5D9823-6649-49D5-83E9-52D2FAAD9655}.Debug|Any CPU.Build.0 = Debug|Any CPU
		{DB5D9823-6649-49D5-83E9-52D2FAAD9655}.Release|Any CPU.ActiveCfg = Release|Any CPU
		{DB5D9823-6649-49D5-83E9-52D2FAAD9655}.Release|Any CPU.Build.0 = Release|Any CPU
	EndGlobalSection
	GlobalSection(SolutionProperties) = preSolution
		HideSolutionNode = FALSE
	EndGlobalSection
EndGlobal
